// !$*UTF8*$!
{
	archiveVersion = 1;
	classes = {
	};
	objectVersion = 55;
	objects = {

/* Begin PBXBuildFile section */
		8B39B0F1283151F700B3ACFE /* AcknowledgementsDetailView.swift in Sources */ = {isa = PBXBuildFile; fileRef = 8B39B0F0283151F700B3ACFE /* AcknowledgementsDetailView.swift */; };
		8B5861B92830C70E00192DC9 /* HelperView.swift in Sources */ = {isa = PBXBuildFile; fileRef = 8B5861B82830C70E00192DC9 /* HelperView.swift */; };
		8B8B7F1628307CA600A2858C /* AcknowledgementsView.swift in Sources */ = {isa = PBXBuildFile; fileRef = 8B8B7F1528307CA600A2858C /* AcknowledgementsView.swift */; };
		8B8B7F182830A33F00A2858C /* data.json in Resources */ = {isa = PBXBuildFile; fileRef = 8B8B7F172830A33F00A2858C /* data.json */; };
		8B8B7F1A2830C3FD00A2858C /* HelperDetailView.swift in Sources */ = {isa = PBXBuildFile; fileRef = 8B8B7F192830C3FD00A2858C /* HelperDetailView.swift */; };
		8BB5B87028302A5B0017223D /* Programming_Techniques_and_ApplicationsApp.swift in Sources */ = {isa = PBXBuildFile; fileRef = 8BB5B86F28302A5B0017223D /* Programming_Techniques_and_ApplicationsApp.swift */; };
		8BB5B87228302A5B0017223D /* HomeView.swift in Sources */ = {isa = PBXBuildFile; fileRef = 8BB5B87128302A5B0017223D /* HomeView.swift */; };
		8BB5B87428302A5E0017223D /* Assets.xcassets in Resources */ = {isa = PBXBuildFile; fileRef = 8BB5B87328302A5E0017223D /* Assets.xcassets */; };
		8BB5B87728302A5E0017223D /* Preview Assets.xcassets in Resources */ = {isa = PBXBuildFile; fileRef = 8BB5B87628302A5E0017223D /* Preview Assets.xcassets */; };
		8BB5B88228302AF70017223D /* ContentModel.swift in Sources */ = {isa = PBXBuildFile; fileRef = 8BB5B88128302AF70017223D /* ContentModel.swift */; };
		8BB5B88928302FFD0017223D /* Models.swift in Sources */ = {isa = PBXBuildFile; fileRef = 8BB5B88828302FFD0017223D /* Models.swift */; };
		8BB5B88B28303E570017223D /* HomeViewRow.swift in Sources */ = {isa = PBXBuildFile; fileRef = 8BB5B88A28303E570017223D /* HomeViewRow.swift */; };
		8BB5B88D28304B900017223D /* ContentView.swift in Sources */ = {isa = PBXBuildFile; fileRef = 8BB5B88C28304B900017223D /* ContentView.swift */; };
		8BB5B88F28305A680017223D /* ContentViewRow.swift in Sources */ = {isa = PBXBuildFile; fileRef = 8BB5B88E28305A680017223D /* ContentViewRow.swift */; };
		8BB5B89128305BBA0017223D /* ContentDetailView.swift in Sources */ = {isa = PBXBuildFile; fileRef = 8BB5B89028305BBA0017223D /* ContentDetailView.swift */; };
		8BB5B897283062AC0017223D /* YouTubePlayerKit in Frameworks */ = {isa = PBXBuildFile; productRef = 8BB5B896283062AC0017223D /* YouTubePlayerKit */; };
/* End PBXBuildFile section */

/* Begin PBXFileReference section */
		8B39B0F0283151F700B3ACFE /* AcknowledgementsDetailView.swift */ = {isa = PBXFileReference; lastKnownFileType = sourcecode.swift; path = AcknowledgementsDetailView.swift; sourceTree = "<group>"; };
		8B5861B82830C70E00192DC9 /* HelperView.swift */ = {isa = PBXFileReference; lastKnownFileType = sourcecode.swift; path = HelperView.swift; sourceTree = "<group>"; };
		8B8B7F1528307CA600A2858C /* AcknowledgementsView.swift */ = {isa = PBXFileReference; lastKnownFileType = sourcecode.swift; path = AcknowledgementsView.swift; sourceTree = "<group>"; };
		8B8B7F172830A33F00A2858C /* data.json */ = {isa = PBXFileReference; fileEncoding = 4; lastKnownFileType = text.json; path = data.json; sourceTree = "<group>"; };
		8B8B7F192830C3FD00A2858C /* HelperDetailView.swift */ = {isa = PBXFileReference; lastKnownFileType = sourcecode.swift; path = HelperDetailView.swift; sourceTree = "<group>"; };
		8BB5B86C28302A5B0017223D /* Programming Techniques and Applications.app */ = {isa = PBXFileReference; explicitFileType = wrapper.application; includeInIndex = 0; path = "Programming Techniques and Applications.app"; sourceTree = BUILT_PRODUCTS_DIR; };
		8BB5B86F28302A5B0017223D /* Programming_Techniques_and_ApplicationsApp.swift */ = {isa = PBXFileReference; lastKnownFileType = sourcecode.swift; path = Programming_Techniques_and_ApplicationsApp.swift; sourceTree = "<group>"; };
		8BB5B87128302A5B0017223D /* HomeView.swift */ = {isa = PBXFileReference; lastKnownFileType = sourcecode.swift; path = HomeView.swift; sourceTree = "<group>"; };
		8BB5B87328302A5E0017223D /* Assets.xcassets */ = {isa = PBXFileReference; lastKnownFileType = folder.assetcatalog; path = Assets.xcassets; sourceTree = "<group>"; };
		8BB5B87628302A5E0017223D /* Preview Assets.xcassets */ = {isa = PBXFileReference; lastKnownFileType = folder.assetcatalog; path = "Preview Assets.xcassets"; sourceTree = "<group>"; };
		8BB5B88128302AF70017223D /* ContentModel.swift */ = {isa = PBXFileReference; lastKnownFileType = sourcecode.swift; path = ContentModel.swift; sourceTree = "<group>"; };
		8BB5B88828302FFD0017223D /* Models.swift */ = {isa = PBXFileReference; lastKnownFileType = sourcecode.swift; path = Models.swift; sourceTree = "<group>"; };
		8BB5B88A28303E570017223D /* HomeViewRow.swift */ = {isa = PBXFileReference; lastKnownFileType = sourcecode.swift; path = HomeViewRow.swift; sourceTree = "<group>"; };
		8BB5B88C28304B900017223D /* ContentView.swift */ = {isa = PBXFileReference; lastKnownFileType = sourcecode.swift; path = ContentView.swift; sourceTree = "<group>"; };
		8BB5B88E28305A680017223D /* ContentViewRow.swift */ = {isa = PBXFileReference; lastKnownFileType = sourcecode.swift; path = ContentViewRow.swift; sourceTree = "<group>"; };
		8BB5B89028305BBA0017223D /* ContentDetailView.swift */ = {isa = PBXFileReference; lastKnownFileType = sourcecode.swift; path = ContentDetailView.swift; sourceTree = "<group>"; };
		8BB5B893283060820017223D /* AVKit.framework */ = {isa = PBXFileReference; lastKnownFileType = wrapper.framework; name = AVKit.framework; path = System/Library/Frameworks/AVKit.framework; sourceTree = SDKROOT; };
/* End PBXFileReference section */

/* Begin PBXFrameworksBuildPhase section */
		8BB5B86928302A5B0017223D /* Frameworks */ = {
			isa = PBXFrameworksBuildPhase;
			buildActionMask = 2147483647;
			files = (
				8BB5B897283062AC0017223D /* YouTubePlayerKit in Frameworks */,
			);
			runOnlyForDeploymentPostprocessing = 0;
		};
/* End PBXFrameworksBuildPhase section */

/* Begin PBXGroup section */
		8BB5B86328302A5B0017223D = {
			isa = PBXGroup;
			children = (
				8BB5B86E28302A5B0017223D /* Programming Techniques and Applications */,
				8BB5B86D28302A5B0017223D /* Products */,
				8BB5B892283060810017223D /* Frameworks */,
			);
			sourceTree = "<group>";
		};
		8BB5B86D28302A5B0017223D /* Products */ = {
			isa = PBXGroup;
			children = (
				8BB5B86C28302A5B0017223D /* Programming Techniques and Applications.app */,
			);
			name = Products;
			sourceTree = "<group>";
		};
		8BB5B86E28302A5B0017223D /* Programming Techniques and Applications */ = {
			isa = PBXGroup;
			children = (
				8BB5B86F28302A5B0017223D /* Programming_Techniques_and_ApplicationsApp.swift */,
				8BB5B87D28302AB20017223D /* Views */,
				8BB5B87E28302AB70017223D /* ViewModels */,
				8BB5B88728302FCA0017223D /* Models */,
				8BB5B87F28302ABE0017223D /* Ressources */,
				8BB5B88028302AC70017223D /* Helpers */,
				8BB5B87328302A5E0017223D /* Assets.xcassets */,
				8BB5B87528302A5E0017223D /* Preview Content */,
			);
			path = "Programming Techniques and Applications";
			sourceTree = "<group>";
		};
		8BB5B87528302A5E0017223D /* Preview Content */ = {
			isa = PBXGroup;
			children = (
				8BB5B87628302A5E0017223D /* Preview Assets.xcassets */,
			);
			path = "Preview Content";
			sourceTree = "<group>";
		};
		8BB5B87D28302AB20017223D /* Views */ = {
			isa = PBXGroup;
			children = (
				8BB5B87128302A5B0017223D /* HomeView.swift */,
				8BB5B88A28303E570017223D /* HomeViewRow.swift */,
				8BB5B88C28304B900017223D /* ContentView.swift */,
				8BB5B88E28305A680017223D /* ContentViewRow.swift */,
				8BB5B89028305BBA0017223D /* ContentDetailView.swift */,
				8B5861B82830C70E00192DC9 /* HelperView.swift */,
				8B8B7F192830C3FD00A2858C /* HelperDetailView.swift */,
				8B8B7F1528307CA600A2858C /* AcknowledgementsView.swift */,
				8B39B0F0283151F700B3ACFE /* AcknowledgementsDetailView.swift */,
			);
			path = Views;
			sourceTree = "<group>";
		};
		8BB5B87E28302AB70017223D /* ViewModels */ = {
			isa = PBXGroup;
			children = (
				8BB5B88128302AF70017223D /* ContentModel.swift */,
			);
			path = ViewModels;
			sourceTree = "<group>";
		};
		8BB5B87F28302ABE0017223D /* Ressources */ = {
			isa = PBXGroup;
			children = (
				8B8B7F172830A33F00A2858C /* data.json */,
			);
			path = Ressources;
			sourceTree = "<group>";
		};
		8BB5B88028302AC70017223D /* Helpers */ = {
			isa = PBXGroup;
			children = (
			);
			path = Helpers;
			sourceTree = "<group>";
		};
		8BB5B88728302FCA0017223D /* Models */ = {
			isa = PBXGroup;
			children = (
				8BB5B88828302FFD0017223D /* Models.swift */,
			);
			path = Models;
			sourceTree = "<group>";
		};
		8BB5B892283060810017223D /* Frameworks */ = {
			isa = PBXGroup;
			children = (
				8BB5B893283060820017223D /* AVKit.framework */,
			);
			name = Frameworks;
			sourceTree = "<group>";
		};
/* End PBXGroup section */

/* Begin PBXNativeTarget section */
		8BB5B86B28302A5B0017223D /* Programming Techniques and Applications */ = {
			isa = PBXNativeTarget;
			buildConfigurationList = 8BB5B87A28302A5E0017223D /* Build configuration list for PBXNativeTarget "Programming Techniques and Applications" */;
			buildPhases = (
				8BB5B86828302A5B0017223D /* Sources */,
				8BB5B86928302A5B0017223D /* Frameworks */,
				8BB5B86A28302A5B0017223D /* Resources */,
			);
			buildRules = (
			);
			dependencies = (
			);
			name = "Programming Techniques and Applications";
			packageProductDependencies = (
				8BB5B896283062AC0017223D /* YouTubePlayerKit */,
			);
			productName = "Programming Techniques and Applications";
			productReference = 8BB5B86C28302A5B0017223D /* Programming Techniques and Applications.app */;
			productType = "com.apple.product-type.application";
		};
/* End PBXNativeTarget section */

/* Begin PBXProject section */
		8BB5B86428302A5B0017223D /* Project object */ = {
			isa = PBXProject;
			attributes = {
				BuildIndependentTargetsInParallel = 1;
				LastSwiftUpdateCheck = 1330;
				LastUpgradeCheck = 1330;
				TargetAttributes = {
					8BB5B86B28302A5B0017223D = {
						CreatedOnToolsVersion = 13.3.1;
					};
				};
			};
			buildConfigurationList = 8BB5B86728302A5B0017223D /* Build configuration list for PBXProject "Programming Techniques and Applications" */;
			compatibilityVersion = "Xcode 13.0";
			developmentRegion = en;
			hasScannedForEncodings = 0;
			knownRegions = (
				en,
				Base,
			);
			mainGroup = 8BB5B86328302A5B0017223D;
			packageReferences = (
				8BB5B895283062AC0017223D /* XCRemoteSwiftPackageReference "YouTubePlayerKit" */,
			);
			productRefGroup = 8BB5B86D28302A5B0017223D /* Products */;
			projectDirPath = "";
			projectRoot = "";
			targets = (
				8BB5B86B28302A5B0017223D /* Programming Techniques and Applications */,
			);
		};
/* End PBXProject section */

/* Begin PBXResourcesBuildPhase section */
		8BB5B86A28302A5B0017223D /* Resources */ = {
			isa = PBXResourcesBuildPhase;
			buildActionMask = 2147483647;
			files = (
				8BB5B87728302A5E0017223D /* Preview Assets.xcassets in Resources */,
				8BB5B87428302A5E0017223D /* Assets.xcassets in Resources */,
				8B8B7F182830A33F00A2858C /* data.json in Resources */,
			);
			runOnlyForDeploymentPostprocessing = 0;
		};
/* End PBXResourcesBuildPhase section */

/* Begin PBXSourcesBuildPhase section */
		8BB5B86828302A5B0017223D /* Sources */ = {
			isa = PBXSourcesBuildPhase;
			buildActionMask = 2147483647;
			files = (
				8B39B0F1283151F700B3ACFE /* AcknowledgementsDetailView.swift in Sources */,
				8B5861B92830C70E00192DC9 /* HelperView.swift in Sources */,
				8B8B7F1A2830C3FD00A2858C /* HelperDetailView.swift in Sources */,
				8BB5B87228302A5B0017223D /* HomeView.swift in Sources */,
				8BB5B88B28303E570017223D /* HomeViewRow.swift in Sources */,
				8BB5B88D28304B900017223D /* ContentView.swift in Sources */,
				8BB5B89128305BBA0017223D /* ContentDetailView.swift in Sources */,
				8BB5B87028302A5B0017223D /* Programming_Techniques_and_ApplicationsApp.swift in Sources */,
				8BB5B88F28305A680017223D /* ContentViewRow.swift in Sources */,
				8BB5B88228302AF70017223D /* ContentModel.swift in Sources */,
				8BB5B88928302FFD0017223D /* Models.swift in Sources */,
				8B8B7F1628307CA600A2858C /* AcknowledgementsView.swift in Sources */,
			);
			runOnlyForDeploymentPostprocessing = 0;
		};
/* End PBXSourcesBuildPhase section */

/* Begin XCBuildConfiguration section */
		8BB5B87828302A5E0017223D /* Debug */ = {
			isa = XCBuildConfiguration;
			buildSettings = {
				ALWAYS_SEARCH_USER_PATHS = NO;
				CLANG_ANALYZER_NONNULL = YES;
				CLANG_ANALYZER_NUMBER_OBJECT_CONVERSION = YES_AGGRESSIVE;
				CLANG_CXX_LANGUAGE_STANDARD = "gnu++17";
				CLANG_ENABLE_MODULES = YES;
				CLANG_ENABLE_OBJC_ARC = YES;
				CLANG_ENABLE_OBJC_WEAK = YES;
				CLANG_WARN_BLOCK_CAPTURE_AUTORELEASING = YES;
				CLANG_WARN_BOOL_CONVERSION = YES;
				CLANG_WARN_COMMA = YES;
				CLANG_WARN_CONSTANT_CONVERSION = YES;
				CLANG_WARN_DEPRECATED_OBJC_IMPLEMENTATIONS = YES;
				CLANG_WARN_DIRECT_OBJC_ISA_USAGE = YES_ERROR;
				CLANG_WARN_DOCUMENTATION_COMMENTS = YES;
				CLANG_WARN_EMPTY_BODY = YES;
				CLANG_WARN_ENUM_CONVERSION = YES;
				CLANG_WARN_INFINITE_RECURSION = YES;
				CLANG_WARN_INT_CONVERSION = YES;
				CLANG_WARN_NON_LITERAL_NULL_CONVERSION = YES;
				CLANG_WARN_OBJC_IMPLICIT_RETAIN_SELF = YES;
				CLANG_WARN_OBJC_LITERAL_CONVERSION = YES;
				CLANG_WARN_OBJC_ROOT_CLASS = YES_ERROR;
				CLANG_WARN_QUOTED_INCLUDE_IN_FRAMEWORK_HEADER = YES;
				CLANG_WARN_RANGE_LOOP_ANALYSIS = YES;
				CLANG_WARN_STRICT_PROTOTYPES = YES;
				CLANG_WARN_SUSPICIOUS_MOVE = YES;
				CLANG_WARN_UNGUARDED_AVAILABILITY = YES_AGGRESSIVE;
				CLANG_WARN_UNREACHABLE_CODE = YES;
				CLANG_WARN__DUPLICATE_METHOD_MATCH = YES;
				COPY_PHASE_STRIP = NO;
				DEBUG_INFORMATION_FORMAT = dwarf;
				ENABLE_STRICT_OBJC_MSGSEND = YES;
				ENABLE_TESTABILITY = YES;
				GCC_C_LANGUAGE_STANDARD = gnu11;
				GCC_DYNAMIC_NO_PIC = NO;
				GCC_NO_COMMON_BLOCKS = YES;
				GCC_OPTIMIZATION_LEVEL = 0;
				GCC_PREPROCESSOR_DEFINITIONS = (
					"DEBUG=1",
					"$(inherited)",
				);
				GCC_WARN_64_TO_32_BIT_CONVERSION = YES;
				GCC_WARN_ABOUT_RETURN_TYPE = YES_ERROR;
				GCC_WARN_UNDECLARED_SELECTOR = YES;
				GCC_WARN_UNINITIALIZED_AUTOS = YES_AGGRESSIVE;
				GCC_WARN_UNUSED_FUNCTION = YES;
				GCC_WARN_UNUSED_VARIABLE = YES;
				IPHONEOS_DEPLOYMENT_TARGET = 15.4;
				MTL_ENABLE_DEBUG_INFO = INCLUDE_SOURCE;
				MTL_FAST_MATH = YES;
				ONLY_ACTIVE_ARCH = YES;
				SDKROOT = iphoneos;
				SWIFT_ACTIVE_COMPILATION_CONDITIONS = DEBUG;
				SWIFT_OPTIMIZATION_LEVEL = "-Onone";
			};
			name = Debug;
		};
		8BB5B87928302A5E0017223D /* Release */ = {
			isa = XCBuildConfiguration;
			buildSettings = {
				ALWAYS_SEARCH_USER_PATHS = NO;
				CLANG_ANALYZER_NONNULL = YES;
				CLANG_ANALYZER_NUMBER_OBJECT_CONVERSION = YES_AGGRESSIVE;
				CLANG_CXX_LANGUAGE_STANDARD = "gnu++17";
				CLANG_ENABLE_MODULES = YES;
				CLANG_ENABLE_OBJC_ARC = YES;
				CLANG_ENABLE_OBJC_WEAK = YES;
				CLANG_WARN_BLOCK_CAPTURE_AUTORELEASING = YES;
				CLANG_WARN_BOOL_CONVERSION = YES;
				CLANG_WARN_COMMA = YES;
				CLANG_WARN_CONSTANT_CONVERSION = YES;
				CLANG_WARN_DEPRECATED_OBJC_IMPLEMENTATIONS = YES;
				CLANG_WARN_DIRECT_OBJC_ISA_USAGE = YES_ERROR;
				CLANG_WARN_DOCUMENTATION_COMMENTS = YES;
				CLANG_WARN_EMPTY_BODY = YES;
				CLANG_WARN_ENUM_CONVERSION = YES;
				CLANG_WARN_INFINITE_RECURSION = YES;
				CLANG_WARN_INT_CONVERSION = YES;
				CLANG_WARN_NON_LITERAL_NULL_CONVERSION = YES;
				CLANG_WARN_OBJC_IMPLICIT_RETAIN_SELF = YES;
				CLANG_WARN_OBJC_LITERAL_CONVERSION = YES;
				CLANG_WARN_OBJC_ROOT_CLASS = YES_ERROR;
				CLANG_WARN_QUOTED_INCLUDE_IN_FRAMEWORK_HEADER = YES;
				CLANG_WARN_RANGE_LOOP_ANALYSIS = YES;
				CLANG_WARN_STRICT_PROTOTYPES = YES;
				CLANG_WARN_SUSPICIOUS_MOVE = YES;
				CLANG_WARN_UNGUARDED_AVAILABILITY = YES_AGGRESSIVE;
				CLANG_WARN_UNREACHABLE_CODE = YES;
				CLANG_WARN__DUPLICATE_METHOD_MATCH = YES;
				COPY_PHASE_STRIP = NO;
				DEBUG_INFORMATION_FORMAT = "dwarf-with-dsym";
				ENABLE_NS_ASSERTIONS = NO;
				ENABLE_STRICT_OBJC_MSGSEND = YES;
				GCC_C_LANGUAGE_STANDARD = gnu11;
				GCC_NO_COMMON_BLOCKS = YES;
				GCC_WARN_64_TO_32_BIT_CONVERSION = YES;
				GCC_WARN_ABOUT_RETURN_TYPE = YES_ERROR;
				GCC_WARN_UNDECLARED_SELECTOR = YES;
				GCC_WARN_UNINITIALIZED_AUTOS = YES_AGGRESSIVE;
				GCC_WARN_UNUSED_FUNCTION = YES;
				GCC_WARN_UNUSED_VARIABLE = YES;
				IPHONEOS_DEPLOYMENT_TARGET = 15.4;
				MTL_ENABLE_DEBUG_INFO = NO;
				MTL_FAST_MATH = YES;
				SDKROOT = iphoneos;
				SWIFT_COMPILATION_MODE = wholemodule;
				SWIFT_OPTIMIZATION_LEVEL = "-O";
				VALIDATE_PRODUCT = YES;
			};
			name = Release;
		};
		8BB5B87B28302A5E0017223D /* Debug */ = {
			isa = XCBuildConfiguration;
			buildSettings = {
				ASSETCATALOG_COMPILER_APPICON_NAME = AppIcon;
				ASSETCATALOG_COMPILER_GLOBAL_ACCENT_COLOR_NAME = AccentColor;
				CODE_SIGN_STYLE = Automatic;
				CURRENT_PROJECT_VERSION = 3;
				DEVELOPMENT_ASSET_PATHS = "\"Programming Techniques and Applications/Preview Content\"";
				DEVELOPMENT_TEAM = 56W5CBC8F4;
				ENABLE_PREVIEWS = YES;
				GENERATE_INFOPLIST_FILE = YES;
				INFOPLIST_KEY_UIApplicationSceneManifest_Generation = YES;
				INFOPLIST_KEY_UIApplicationSupportsIndirectInputEvents = YES;
				INFOPLIST_KEY_UILaunchScreen_Generation = YES;
				INFOPLIST_KEY_UISupportedInterfaceOrientations_iPad = "UIInterfaceOrientationPortrait UIInterfaceOrientationPortraitUpsideDown UIInterfaceOrientationLandscapeLeft UIInterfaceOrientationLandscapeRight";
				INFOPLIST_KEY_UISupportedInterfaceOrientations_iPhone = "UIInterfaceOrientationPortrait UIInterfaceOrientationLandscapeLeft UIInterfaceOrientationLandscapeRight";
				LD_RUNPATH_SEARCH_PATHS = (
					"$(inherited)",
					"@executable_path/Frameworks",
				);
				MARKETING_VERSION = 0.0.3;
				PRODUCT_BUNDLE_IDENTIFIER = "com.solounity.Programming-Techniques-and-Applications";
				PRODUCT_NAME = "$(TARGET_NAME)";
				SWIFT_EMIT_LOC_STRINGS = YES;
				SWIFT_VERSION = 5.0;
				TARGETED_DEVICE_FAMILY = "1,2";
			};
			name = Debug;
		};
		8BB5B87C28302A5E0017223D /* Release */ = {
			isa = XCBuildConfiguration;
			buildSettings = {
				ASSETCATALOG_COMPILER_APPICON_NAME = AppIcon;
				ASSETCATALOG_COMPILER_GLOBAL_ACCENT_COLOR_NAME = AccentColor;
				CODE_SIGN_STYLE = Automatic;
				CURRENT_PROJECT_VERSION = 3;
				DEVELOPMENT_ASSET_PATHS = "\"Programming Techniques and Applications/Preview Content\"";
				DEVELOPMENT_TEAM = 56W5CBC8F4;
				ENABLE_PREVIEWS = YES;
				GENERATE_INFOPLIST_FILE = YES;
				INFOPLIST_KEY_UIApplicationSceneManifest_Generation = YES;
				INFOPLIST_KEY_UIApplicationSupportsIndirectInputEvents = YES;
				INFOPLIST_KEY_UILaunchScreen_Generation = YES;
				INFOPLIST_KEY_UISupportedInterfaceOrientations_iPad = "UIInterfaceOrientationPortrait UIInterfaceOrientationPortraitUpsideDown UIInterfaceOrientationLandscapeLeft UIInterfaceOrientationLandscapeRight";
				INFOPLIST_KEY_UISupportedInterfaceOrientations_iPhone = "UIInterfaceOrientationPortrait UIInterfaceOrientationLandscapeLeft UIInterfaceOrientationLandscapeRight";
				LD_RUNPATH_SEARCH_PATHS = (
					"$(inherited)",
					"@executable_path/Frameworks",
				);
				MARKETING_VERSION = 0.0.3;
				PRODUCT_BUNDLE_IDENTIFIER = "com.solounity.Programming-Techniques-and-Applications";
				PRODUCT_NAME = "$(TARGET_NAME)";
				SWIFT_EMIT_LOC_STRINGS = YES;
				SWIFT_VERSION = 5.0;
				TARGETED_DEVICE_FAMILY = "1,2";
			};
			name = Release;
		};
/* End XCBuildConfiguration section */

/* Begin XCConfigurationList section */
		8BB5B86728302A5B0017223D /* Build configuration list for PBXProject "Programming Techniques and Applications" */ = {
			isa = XCConfigurationList;
			buildConfigurations = (
				8BB5B87828302A5E0017223D /* Debug */,
				8BB5B87928302A5E0017223D /* Release */,
			);
			defaultConfigurationIsVisible = 0;
			defaultConfigurationName = Release;
		};
		8BB5B87A28302A5E0017223D /* Build configuration list for PBXNativeTarget "Programming Techniques and Applications" */ = {
			isa = XCConfigurationList;
			buildConfigurations = (
				8BB5B87B28302A5E0017223D /* Debug */,
				8BB5B87C28302A5E0017223D /* Release */,
			);
			defaultConfigurationIsVisible = 0;
			defaultConfigurationName = Release;
		};
/* End XCConfigurationList section */

/* Begin XCRemoteSwiftPackageReference section */
		8BB5B895283062AC0017223D /* XCRemoteSwiftPackageReference "YouTubePlayerKit" */ = {
			isa = XCRemoteSwiftPackageReference;
			repositoryURL = "https://github.com/SvenTiigi/YouTubePlayerKit";
			requirement = {
				kind = upToNextMajorVersion;
				minimumVersion = 1.0.0;
			};
		};
/* End XCRemoteSwiftPackageReference section */

/* Begin XCSwiftPackageProductDependency section */
		8BB5B896283062AC0017223D /* YouTubePlayerKit */ = {
			isa = XCSwiftPackageProductDependency;
			package = 8BB5B895283062AC0017223D /* XCRemoteSwiftPackageReference "YouTubePlayerKit" */;
			productName = YouTubePlayerKit;
		};
/* End XCSwiftPackageProductDependency section */
	};
	rootObject = 8BB5B86428302A5B0017223D /* Project object */;
}
